
Microsoft Visual Studio Solution File, Format Version 12.00
# Visual Studio Version 17
VisualStudioVersion = 17.4.33205.214
MinimumVisualStudioVersion = 10.0.40219.1
Project("{9A19103F-16F7-4668-BE54-9A1E7A4F7556}") = "MyProject", "MyProject\MyProject.csproj", "{6CA86BDC-98E5-4343-A247-A09966A2E601}"
EndProject
Project("{FAE04EC0-301F-11D3-BF4B-00C04F79EFBC}") = "Client", "Client\Client.csproj", "{FFB80678-7AB0-48C5-8603-1192420B849F}"
EndProject
Global
	GlobalSection(SolutionConfigurationPlatforms) = preSolution
		Debug|Any CPU = Debug|Any CPU
		Release|Any CPU = Release|Any CPU
	EndGlobalSection
	GlobalSection(ProjectConfigurationPlatforms) = postSolution
		{6CA86BDC-98E5-4343-A247-A09966A2E601}.Debug|Any CPU.ActiveCfg = Debug|Any CPU
		{6CA86BDC-98E5-4343-A247-A09966A2E601}.Debug|Any CPU.Build.0 = Debug|Any CPU
		{6CA86BDC-98E5-4343-A247-A09966A2E601}.Release|Any CPU.ActiveCfg = Release|Any CPU
		{6CA86BDC-98E5-4343-A247-A09966A2E601}.Release|Any CPU.Build.0 = Release|Any CPU
		{FFB80678-7AB0-48C5-8603-1192420B849F}.Debug|Any CPU.ActiveCfg = Debug|Any CPU
		{FFB80678-7AB0-48C5-8603-1192420B849F}.Debug|Any CPU.Build.0 = Debug|Any CPU
		{FFB80678-7AB0-48C5-8603-1192420B849F}.Release|Any CPU.ActiveCfg = Release|Any CPU
		{FFB80678-7AB0-48C5-8603-1192420B849F}.Release|Any CPU.Build.0 = Release|Any CPU
	EndGlobalSection
	GlobalSection(SolutionProperties) = preSolution
		HideSolutionNode = FALSE
	EndGlobalSection
	GlobalSection(ExtensibilityGlobals) = postSolution
		SolutionGuid = {F7DE7497-BBAC-426C-8573-9D020C5C038D}
	EndGlobalSection
EndGlobal
